
Microsoft Visual Studio Solution File, Format Version 12.00
# Visual Studio Version 16
VisualStudioVersion = 16.0.29519.181
MinimumVisualStudioVersion = 10.0.40219.1
Project("{9A19103F-16F7-4668-BE54-9A1E7A4F7556}") = "kreaCore", "kreaCore\kreaCore.csproj", "{CC417AC8-54FE-48FD-BD3A-44560C251FF1}"
EndProject
Global
	GlobalSection(SolutionConfigurationPlatforms) = preSolution
		Debug|Any CPU = Debug|Any CPU
		Release|Any CPU = Release|Any CPU
	EndGlobalSection
	GlobalSection(ProjectConfigurationPlatforms) = postSolution
		{CC417AC8-54FE-48FD-BD3A-44560C251FF1}.Debug|Any CPU.ActiveCfg = Debug|Any CPU
		{CC417AC8-54FE-48FD-BD3A-44560C251FF1}.Debug|Any CPU.Build.0 = Debug|Any CPU
		{CC417AC8-54FE-48FD-BD3A-44560C251FF1}.Release|Any CPU.ActiveCfg = Release|Any CPU
		{CC417AC8-54FE-48FD-BD3A-44560C251FF1}.Release|Any CPU.Build.0 = Release|Any CPU
	EndGlobalSection
	GlobalSection(SolutionProperties) = preSolution
		HideSolutionNode = FALSE
	EndGlobalSection
	GlobalSection(ExtensibilityGlobals) = postSolution
		SolutionGuid = {26E43117-4A34-4042-AFCB-CF98CC88760E}
	EndGlobalSection
EndGlobal
